
Microsoft Visual Studio Solution File, Format Version 12.00
# Visual Studio 15
VisualStudioVersion = 15.0.27428.2027
MinimumVisualStudioVersion = 10.0.40219.1
Project("{FAE04EC0-301F-11D3-BF4B-00C04F79EFBC}") = "ListaCompra.Servicos", "ListaCompra.Servicos\ListaCompra.Servicos.csproj", "{1310ACB6-08BB-4A0F-83B3-062B13D9D4D1}"
EndProject
Project("{FAE04EC0-301F-11D3-BF4B-00C04F79EFBC}") = "ListaCompra.Negocio", "ListaCompra.Negocio\ListaCompra.Negocio.csproj", "{67AE79CB-4919-4E23-8232-199CFAA1D391}"
EndProject
Project("{FAE04EC0-301F-11D3-BF4B-00C04F79EFBC}") = "ListaCompra.Modelo", "ListaCompra.Modelo\ListaCompra.Modelo.csproj", "{649EEFBD-0DDF-4BA9-9A76-8AE0263BE95D}"
EndProject
Project("{FAE04EC0-301F-11D3-BF4B-00C04F79EFBC}") = "ListaCompra.Dados", "ListaCompra.Dados\ListaCompra.Dados.csproj", "{C2CE9E69-6978-4DE1-8680-BAAF099E93BD}"
EndProject
Global
	GlobalSection(SolutionConfigurationPlatforms) = preSolution
		Debug|Any CPU = Debug|Any CPU
		Release|Any CPU = Release|Any CPU
	EndGlobalSection
	GlobalSection(ProjectConfigurationPlatforms) = postSolution
		{1310ACB6-08BB-4A0F-83B3-062B13D9D4D1}.Debug|Any CPU.ActiveCfg = Debug|Any CPU
		{1310ACB6-08BB-4A0F-83B3-062B13D9D4D1}.Debug|Any CPU.Build.0 = Debug|Any CPU
		{1310ACB6-08BB-4A0F-83B3-062B13D9D4D1}.Release|Any CPU.ActiveCfg = Release|Any CPU
		{1310ACB6-08BB-4A0F-83B3-062B13D9D4D1}.Release|Any CPU.Build.0 = Release|Any CPU
		{67AE79CB-4919-4E23-8232-199CFAA1D391}.Debug|Any CPU.ActiveCfg = Debug|Any CPU
		{67AE79CB-4919-4E23-8232-199CFAA1D391}.Debug|Any CPU.Build.0 = Debug|Any CPU
		{67AE79CB-4919-4E23-8232-199CFAA1D391}.Release|Any CPU.ActiveCfg = Release|Any CPU
		{67AE79CB-4919-4E23-8232-199CFAA1D391}.Release|Any CPU.Build.0 = Release|Any CPU
		{649EEFBD-0DDF-4BA9-9A76-8AE0263BE95D}.Debug|Any CPU.ActiveCfg = Debug|Any CPU
		{649EEFBD-0DDF-4BA9-9A76-8AE0263BE95D}.Debug|Any CPU.Build.0 = Debug|Any CPU
		{649EEFBD-0DDF-4BA9-9A76-8AE0263BE95D}.Release|Any CPU.ActiveCfg = Release|Any CPU
		{649EEFBD-0DDF-4BA9-9A76-8AE0263BE95D}.Release|Any CPU.Build.0 = Release|Any CPU
		{C2CE9E69-6978-4DE1-8680-BAAF099E93BD}.Debug|Any CPU.ActiveCfg = Debug|Any CPU
		{C2CE9E69-6978-4DE1-8680-BAAF099E93BD}.Debug|Any CPU.Build.0 = Debug|Any CPU
		{C2CE9E69-6978-4DE1-8680-BAAF099E93BD}.Release|Any CPU.ActiveCfg = Release|Any CPU
		{C2CE9E69-6978-4DE1-8680-BAAF099E93BD}.Release|Any CPU.Build.0 = Release|Any CPU
	EndGlobalSection
	GlobalSection(SolutionProperties) = preSolution
		HideSolutionNode = FALSE
	EndGlobalSection
	GlobalSection(ExtensibilityGlobals) = postSolution
		SolutionGuid = {98171E37-043F-4FF7-A398-062758354938}
	EndGlobalSection
EndGlobal
